
Microsoft Visual Studio Solution File, Format Version 12.00
# Visual Studio Version 17
VisualStudioVersion = 17.7.34024.191
MinimumVisualStudioVersion = 10.0.40219.1
Project("{FAE04EC0-301F-11D3-BF4B-00C04F79EFBC}") = "HW_9(MyExcemption)", "HW_9(MyExcemption).csproj", "{D95B79AC-CE1C-4B2D-B4D4-067297E65AC6}"
EndProject
Global
	GlobalSection(SolutionConfigurationPlatforms) = preSolution
		Debug|Any CPU = Debug|Any CPU
		Release|Any CPU = Release|Any CPU
	EndGlobalSection
	GlobalSection(ProjectConfigurationPlatforms) = postSolution
		{D95B79AC-CE1C-4B2D-B4D4-067297E65AC6}.Debug|Any CPU.ActiveCfg = Debug|Any CPU
		{D95B79AC-CE1C-4B2D-B4D4-067297E65AC6}.Debug|Any CPU.Build.0 = Debug|Any CPU
		{D95B79AC-CE1C-4B2D-B4D4-067297E65AC6}.Release|Any CPU.ActiveCfg = Release|Any CPU
		{D95B79AC-CE1C-4B2D-B4D4-067297E65AC6}.Release|Any CPU.Build.0 = Release|Any CPU
	EndGlobalSection
	GlobalSection(SolutionProperties) = preSolution
		HideSolutionNode = FALSE
	EndGlobalSection
	GlobalSection(ExtensibilityGlobals) = postSolution
		SolutionGuid = {1DB88C39-3B05-474B-9780-3E4382B2C16C}
	EndGlobalSection
EndGlobal
